
Microsoft Visual Studio Solution File, Format Version 12.00
# Visual Studio Version 16
VisualStudioVersion = 16.0.32602.290
MinimumVisualStudioVersion = 10.0.40219.1
Project("{FAE04EC0-301F-11D3-BF4B-00C04F79EFBC}") = "EjemploBindingObjetos", "EjemploBindingObjetos\EjemploBindingObjetos.csproj", "{56C560BB-5EDD-43AD-8F00-D0C3003AECDD}"
EndProject
Global
	GlobalSection(SolutionConfigurationPlatforms) = preSolution
		Debug|Any CPU = Debug|Any CPU
		Release|Any CPU = Release|Any CPU
	EndGlobalSection
	GlobalSection(ProjectConfigurationPlatforms) = postSolution
		{56C560BB-5EDD-43AD-8F00-D0C3003AECDD}.Debug|Any CPU.ActiveCfg = Debug|Any CPU
		{56C560BB-5EDD-43AD-8F00-D0C3003AECDD}.Debug|Any CPU.Build.0 = Debug|Any CPU
		{56C560BB-5EDD-43AD-8F00-D0C3003AECDD}.Release|Any CPU.ActiveCfg = Release|Any CPU
		{56C560BB-5EDD-43AD-8F00-D0C3003AECDD}.Release|Any CPU.Build.0 = Release|Any CPU
	EndGlobalSection
	GlobalSection(SolutionProperties) = preSolution
		HideSolutionNode = FALSE
	EndGlobalSection
	GlobalSection(ExtensibilityGlobals) = postSolution
		SolutionGuid = {F2775DC0-875C-4DBD-A6AF-DC011EC283D7}
	EndGlobalSection
EndGlobal
